PODS:
  - AgoraIotCallkit (1.0.0.1):
    - AgoraRtcEngine_iOS_Beta (= 4.0.0-beta.1)
    - Alamofire (= 5.6.0)
    - AWSIoT (= 2.27.6)
    - AWSMobileClient (= 2.27.6)
    - EMPush
  - AgoraRtcEngine_iOS_Beta (4.0.0.beta.1)
  - Alamofire (5.6.0)
  - AWSAuthCore (2.27.6):
    - AWSCore (= 2.27.6)
  - AWSCognitoIdentityProvider (2.27.6):
    - AWSCognitoIdentityProviderASF (= 2.27.6)
    - AWSCore (= 2.27.6)
  - AWSCognitoIdentityProviderASF (2.27.6):
    - AWSCore (= 2.27.6)
  - AWSCore (2.27.6)
  - AWSIoT (2.27.6):
    - AWSCore (= 2.27.6)
  - AWSMobileClient (2.27.6):
    - AWSAuthCore (= 2.27.6)
    - AWSCognitoIdentityProvider (= 2.27.6)
    - AWSCognitoIdentityProviderASF (= 2.27.6)
    - AWSCore (= 2.27.6)
  - EMPush (0.1.0)

DEPENDENCIES:
  - AgoraIotCallkit (from `../`)

SPEC REPOS:
  trunk:
    - AgoraRtcEngine_iOS_Beta
    - Alamofire
    - AWSAuthCore
    - AWSCognitoIdentityProvider
    - AWSCognitoIdentityProviderASF
    - AWSCore
    - AWSIoT
    - AWSMobileClient
    - EMPush

EXTERNAL SOURCES:
  AgoraIotCallkit:
    :path: "../"

SPEC CHECKSUMS:
  AgoraIotCallkit: cfed6bbe46e8b9943ce7393e2ea8ee915c752a29
  AgoraRtcEngine_iOS_Beta: 9b9f5402acea6b8a30efbfe149b916dae90ddcb1
  Alamofire: 0c07058209f211e3d32824f8e0766d7c44ac83b3
  AWSAuthCore: 09226ae8dfc63d1338f503f53a38af2d3156267e
  AWSCognitoIdentityProvider: 9eb24a52488d32b75d8550e8a9d1be36229ae47d
  AWSCognitoIdentityProviderASF: 60d466e143f8bbf9d47d39c1ad58de5044a111b6
  AWSCore: 0b6fa020f5f343a211862d702ba7a067272a60f7
  AWSIoT: e564dc13be3a206a994bd26477b5eb660180ca1e
  AWSMobileClient: e0ad3787f793d14c593379c2dba006e3bdad8bf1
  EMPush: b36c94b4ea33a69523566ead9eb721415f33f121

PODFILE CHECKSUM: 18be4c90496cf9b46cb5cc7fc6063d91f90876c0

COCOAPODS: 1.11.2
